
Microsoft Visual Studio Solution File, Format Version 12.00
# Visual Studio Version 16
VisualStudioVersion = 16.0.30523.141
MinimumVisualStudioVersion = 10.0.40219.1
Project("{FAE04EC0-301F-11D3-BF4B-00C04F79EFBC}") = "PRAQuiz", "PRAQuiz.csproj", "{29F46CB3-5E8F-4DEB-80B9-41465C9BC406}"
EndProject
Global
	GlobalSection(SolutionConfigurationPlatforms) = preSolution
		Debug|Any CPU = Debug|Any CPU
		Release|Any CPU = Release|Any CPU
	EndGlobalSection
	GlobalSection(ProjectConfigurationPlatforms) = postSolution
		{29F46CB3-5E8F-4DEB-80B9-41465C9BC406}.Debug|Any CPU.ActiveCfg = Debug|Any CPU
		{29F46CB3-5E8F-4DEB-80B9-41465C9BC406}.Debug|Any CPU.Build.0 = Debug|Any CPU
		{29F46CB3-5E8F-4DEB-80B9-41465C9BC406}.Release|Any CPU.ActiveCfg = Release|Any CPU
		{29F46CB3-5E8F-4DEB-80B9-41465C9BC406}.Release|Any CPU.Build.0 = Release|Any CPU
	EndGlobalSection
	GlobalSection(SolutionProperties) = preSolution
		HideSolutionNode = FALSE
	EndGlobalSection
	GlobalSection(ExtensibilityGlobals) = postSolution
		SolutionGuid = {ADACC776-4C98-48A9-851A-D3ABDE8B4E54}
	EndGlobalSection
EndGlobal
